
Microsoft Visual Studio Solution File, Format Version 12.00
# Visual Studio Version 17
VisualStudioVersion = 17.13.35806.99 d17.13
MinimumVisualStudioVersion = 10.0.40219.1
Project("{FAE04EC0-301F-11D3-BF4B-00C04F79EFBC}") = "Fresh Farm Market", "Fresh Farm Market\Fresh Farm Market.csproj", "{4274DF1D-CB12-48C5-B5D1-13E229F179FF}"
EndProject
Global
	GlobalSection(SolutionConfigurationPlatforms) = preSolution
		Debug|Any CPU = Debug|Any CPU
		Release|Any CPU = Release|Any CPU
	EndGlobalSection
	GlobalSection(ProjectConfigurationPlatforms) = postSolution
		{4274DF1D-CB12-48C5-B5D1-13E229F179FF}.Debug|Any CPU.ActiveCfg = Debug|Any CPU
		{4274DF1D-CB12-48C5-B5D1-13E229F179FF}.Debug|Any CPU.Build.0 = Debug|Any CPU
		{4274DF1D-CB12-48C5-B5D1-13E229F179FF}.Release|Any CPU.ActiveCfg = Release|Any CPU
		{4274DF1D-CB12-48C5-B5D1-13E229F179FF}.Release|Any CPU.Build.0 = Release|Any CPU
	EndGlobalSection
	GlobalSection(SolutionProperties) = preSolution
		HideSolutionNode = FALSE
	EndGlobalSection
	GlobalSection(ExtensibilityGlobals) = postSolution
		SolutionGuid = {95958601-2926-424F-8773-3B08B0E7983C}
	EndGlobalSection
EndGlobal
